
Microsoft Visual Studio Solution File, Format Version 12.00
# Visual Studio 2013
VisualStudioVersion = 12.0.31101.0
MinimumVisualStudioVersion = 10.0.40219.1
Project("{2150E333-8FDC-42A3-9474-1A3956D46DE8}") = "moduel", "moduel", "{BF82EF2A-DF82-4FA9-8B8E-B1C8252397A9}"
EndProject
Project("{2150E333-8FDC-42A3-9474-1A3956D46DE8}") = "app", "app", "{32FF73F8-728D-4407-A4BC-0313EBB2464C}"
EndProject
Project("{8BC9CEB8-8B4A-11D0-8D11-00A0C91BC942}") = "libplistcpp", "libplistcpp\libplistcpp.vcxproj", "{A6BD35D2-250B-434B-8F18-B3FAC85BC4DA}"
EndProject
Project("{8BC9CEB8-8B4A-11D0-8D11-00A0C91BC942}") = "scr-mirror", "scr-mirror\scr-mirror.vcxproj", "{36EBFC2F-EEDB-4D63-A867-8C96302A3B91}"
	ProjectSection(ProjectDependencies) = postProject
		{A6BD35D2-250B-434B-8F18-B3FAC85BC4DA} = {A6BD35D2-250B-434B-8F18-B3FAC85BC4DA}
	EndProjectSection
EndProject
Project("{2150E333-8FDC-42A3-9474-1A3956D46DE8}") = "u-testing", "u-testing", "{7A8E1B73-547B-43C6-9ACA-1745D97C8D9C}"
EndProject
Project("{8BC9CEB8-8B4A-11D0-8D11-00A0C91BC942}") = "test-plist", "test-plist\test-plist.vcxproj", "{9E3E0571-1394-43A8-BD9B-E6A2B7F47E17}"
	ProjectSection(ProjectDependencies) = postProject
		{A6BD35D2-250B-434B-8F18-B3FAC85BC4DA} = {A6BD35D2-250B-434B-8F18-B3FAC85BC4DA}
	EndProjectSection
EndProject
Project("{8BC9CEB8-8B4A-11D0-8D11-00A0C91BC942}") = "test-mir-srv", "test-mir-srv\test-mir-srv.vcxproj", "{F87ED448-87CC-4F30-98E5-050950D306CE}"
	ProjectSection(ProjectDependencies) = postProject
		{36EBFC2F-EEDB-4D63-A867-8C96302A3B91} = {36EBFC2F-EEDB-4D63-A867-8C96302A3B91}
		{A6BD35D2-250B-434B-8F18-B3FAC85BC4DA} = {A6BD35D2-250B-434B-8F18-B3FAC85BC4DA}
	EndProjectSection
EndProject
Project("{8BC9CEB8-8B4A-11D0-8D11-00A0C91BC942}") = "ddns-publisher", "ddns-publisher\ddns-publisher.vcxproj", "{C455E397-6F03-49C9-B8DA-D0AC1020DC12}"
EndProject
Project("{8BC9CEB8-8B4A-11D0-8D11-00A0C91BC942}") = "ap-lookup", "ap-lookup\ap-lookup.vcxproj", "{0AA41F16-AB3F-405E-95E9-C6E42A3DAC8F}"
EndProject
Project("{8BC9CEB8-8B4A-11D0-8D11-00A0C91BC942}") = "dummyServer", "dummyServer\dummyServer.vcxproj", "{B95725DF-6D2A-4CEF-906B-278D8C364C8F}"
EndProject
Global
	GlobalSection(SolutionConfigurationPlatforms) = preSolution
		Debug|Win32 = Debug|Win32
		Release|Win32 = Release|Win32
	EndGlobalSection
	GlobalSection(ProjectConfigurationPlatforms) = postSolution
		{A6BD35D2-250B-434B-8F18-B3FAC85BC4DA}.Debug|Win32.ActiveCfg = Debug|Win32
		{A6BD35D2-250B-434B-8F18-B3FAC85BC4DA}.Debug|Win32.Build.0 = Debug|Win32
		{A6BD35D2-250B-434B-8F18-B3FAC85BC4DA}.Release|Win32.ActiveCfg = Release|Win32
		{A6BD35D2-250B-434B-8F18-B3FAC85BC4DA}.Release|Win32.Build.0 = Release|Win32
		{36EBFC2F-EEDB-4D63-A867-8C96302A3B91}.Debug|Win32.ActiveCfg = Debug|Win32
		{36EBFC2F-EEDB-4D63-A867-8C96302A3B91}.Debug|Win32.Build.0 = Debug|Win32
		{36EBFC2F-EEDB-4D63-A867-8C96302A3B91}.Release|Win32.ActiveCfg = Release|Win32
		{36EBFC2F-EEDB-4D63-A867-8C96302A3B91}.Release|Win32.Build.0 = Release|Win32
		{9E3E0571-1394-43A8-BD9B-E6A2B7F47E17}.Debug|Win32.ActiveCfg = Debug|Win32
		{9E3E0571-1394-43A8-BD9B-E6A2B7F47E17}.Debug|Win32.Build.0 = Debug|Win32
		{9E3E0571-1394-43A8-BD9B-E6A2B7F47E17}.Release|Win32.ActiveCfg = Release|Win32
		{9E3E0571-1394-43A8-BD9B-E6A2B7F47E17}.Release|Win32.Build.0 = Release|Win32
		{F87ED448-87CC-4F30-98E5-050950D306CE}.Debug|Win32.ActiveCfg = Debug|Win32
		{F87ED448-87CC-4F30-98E5-050950D306CE}.Debug|Win32.Build.0 = Debug|Win32
		{F87ED448-87CC-4F30-98E5-050950D306CE}.Release|Win32.ActiveCfg = Release|Win32
		{F87ED448-87CC-4F30-98E5-050950D306CE}.Release|Win32.Build.0 = Release|Win32
		{C455E397-6F03-49C9-B8DA-D0AC1020DC12}.Debug|Win32.ActiveCfg = Debug|Win32
		{C455E397-6F03-49C9-B8DA-D0AC1020DC12}.Debug|Win32.Build.0 = Debug|Win32
		{C455E397-6F03-49C9-B8DA-D0AC1020DC12}.Release|Win32.ActiveCfg = Release|Win32
		{C455E397-6F03-49C9-B8DA-D0AC1020DC12}.Release|Win32.Build.0 = Release|Win32
		{0AA41F16-AB3F-405E-95E9-C6E42A3DAC8F}.Debug|Win32.ActiveCfg = Debug|Win32
		{0AA41F16-AB3F-405E-95E9-C6E42A3DAC8F}.Debug|Win32.Build.0 = Debug|Win32
		{0AA41F16-AB3F-405E-95E9-C6E42A3DAC8F}.Release|Win32.ActiveCfg = Release|Win32
		{0AA41F16-AB3F-405E-95E9-C6E42A3DAC8F}.Release|Win32.Build.0 = Release|Win32
		{B95725DF-6D2A-4CEF-906B-278D8C364C8F}.Debug|Win32.ActiveCfg = Debug|Win32
		{B95725DF-6D2A-4CEF-906B-278D8C364C8F}.Debug|Win32.Build.0 = Debug|Win32
		{B95725DF-6D2A-4CEF-906B-278D8C364C8F}.Release|Win32.ActiveCfg = Release|Win32
		{B95725DF-6D2A-4CEF-906B-278D8C364C8F}.Release|Win32.Build.0 = Release|Win32
	EndGlobalSection
	GlobalSection(SolutionProperties) = preSolution
		HideSolutionNode = FALSE
	EndGlobalSection
	GlobalSection(NestedProjects) = preSolution
		{A6BD35D2-250B-434B-8F18-B3FAC85BC4DA} = {BF82EF2A-DF82-4FA9-8B8E-B1C8252397A9}
		{36EBFC2F-EEDB-4D63-A867-8C96302A3B91} = {BF82EF2A-DF82-4FA9-8B8E-B1C8252397A9}
		{9E3E0571-1394-43A8-BD9B-E6A2B7F47E17} = {7A8E1B73-547B-43C6-9ACA-1745D97C8D9C}
		{F87ED448-87CC-4F30-98E5-050950D306CE} = {7A8E1B73-547B-43C6-9ACA-1745D97C8D9C}
		{C455E397-6F03-49C9-B8DA-D0AC1020DC12} = {32FF73F8-728D-4407-A4BC-0313EBB2464C}
		{0AA41F16-AB3F-405E-95E9-C6E42A3DAC8F} = {32FF73F8-728D-4407-A4BC-0313EBB2464C}
		{B95725DF-6D2A-4CEF-906B-278D8C364C8F} = {32FF73F8-728D-4407-A4BC-0313EBB2464C}
	EndGlobalSection
EndGlobal
