<?xml version="1.0" encoding="utf-8"?>
<Project ToolsVersion="4.0" xmlns="http://schemas.microsoft.com/developer/msbuild/2003">
  <ItemGroup>
    <Filter Include="Source Files">
      <UniqueIdentifier>{4FC737F1-C7A5-4376-A066-2A32D752A2FF}</UniqueIdentifier>
      <Extensions>cpp;c;cc;cxx;def;odl;idl;hpj;bat;asm;asmx</Extensions>
    </Filter>
    <Filter Include="Header Files">
      <UniqueIdentifier>{93995380-89BD-4b04-88EB-625FBE52EBFB}</UniqueIdentifier>
      <Extensions>h;hh;hpp;hxx;hm;inl;inc;xsd</Extensions>
    </Filter>
    <Filter Include="Resource Files">
      <UniqueIdentifier>{67DA6AB6-F800-4c08-8B7A-83BB121AAD01}</UniqueIdentifier>
      <Extensions>rc;ico;cur;bmp;dlg;rc2;rct;bin;rgs;gif;jpg;jpeg;jpe;resx;tiff;tif;png;wav;mfcribbon-ms</Extensions>
    </Filter>
    <Filter Include="src">
      <UniqueIdentifier>{6c92db27-8d1e-4852-8245-70f62dd797a3}</UniqueIdentifier>
    </Filter>
    <Filter Include="_shared">
      <UniqueIdentifier>{be4d1bfa-b754-4c22-8a27-2a86ed104df8}</UniqueIdentifier>
    </Filter>
  </ItemGroup>
  <ItemGroup>
    <Text Include="ReadMe.txt" />
  </ItemGroup>
  <ItemGroup>
    <ClInclude Include="stdafx.h">
      <Filter>Header Files</Filter>
    </ClInclude>
    <ClInclude Include="targetver.h">
      <Filter>Header Files</Filter>
    </ClInclude>
    <ClInclude Include="..\..\..\src\airm\constants.hpp">
      <Filter>src</Filter>
    </ClInclude>
    <ClInclude Include="..\..\..\src\airm\streamhandler.h">
      <Filter>src</Filter>
    </ClInclude>
    <ClInclude Include="..\..\..\src\airm\stream_setup.h">
      <Filter>src</Filter>
    </ClInclude>
    <ClInclude Include="..\..\..\src\airm\fp_setup.h">
      <Filter>src</Filter>
    </ClInclude>
    <ClInclude Include="..\..\..\thridpaty\LWS\lws-src\httph\urlcpp\Path.h">
      <Filter>_shared</Filter>
    </ClInclude>
    <ClInclude Include="..\..\..\thridpaty\LWS\lws-src\httph\urlcpp\Url.h">
      <Filter>_shared</Filter>
    </ClInclude>
    <ClInclude Include="..\..\..\src\airm\tcp\tcp_connection.hpp">
      <Filter>src</Filter>
    </ClInclude>
    <ClInclude Include="..\..\..\src\airm\tcp\tcp_server.hpp">
      <Filter>src</Filter>
    </ClInclude>
    <ClInclude Include="..\..\..\src\airm\fairplay.hpp">
      <Filter>src</Filter>
    </ClInclude>
  </ItemGroup>
  <ItemGroup>
    <ClCompile Include="stdafx.cpp">
      <Filter>Source Files</Filter>
    </ClCompile>
    <ClCompile Include="..\..\..\src\airm\streamhandler.cpp">
      <Filter>src</Filter>
    </ClCompile>
    <ClCompile Include="..\..\..\src\airm\stream_setup.cpp">
      <Filter>src</Filter>
    </ClCompile>
    <ClCompile Include="..\..\..\src\airm\fp_setup.cpp">
      <Filter>src</Filter>
    </ClCompile>
    <ClCompile Include="..\..\..\thridpaty\LWS\lws-src\httph\urlcpp\Path.cpp">
      <Filter>_shared</Filter>
    </ClCompile>
    <ClCompile Include="..\..\..\thridpaty\LWS\lws-src\httph\urlcpp\Url.cpp">
      <Filter>_shared</Filter>
    </ClCompile>
  </ItemGroup>
</Project>